
Microsoft Visual Studio Solution File, Format Version 12.00
# Visual Studio Version 17
VisualStudioVersion = 17.9.34622.214
MinimumVisualStudioVersion = 10.0.40219.1
Project("{9A19103F-16F7-4668-BE54-9A1E7A4F7556}") = "MauiApp2", "MauiApp2\MauiApp2.csproj", "{4BCC090F-A242-4E88-BF8B-3D27F0D4A238}"
EndProject
Global
	GlobalSection(SolutionConfigurationPlatforms) = preSolution
		Debug|Any CPU = Debug|Any CPU
		Release|Any CPU = Release|Any CPU
	EndGlobalSection
	GlobalSection(ProjectConfigurationPlatforms) = postSolution
		{4BCC090F-A242-4E88-BF8B-3D27F0D4A238}.Debug|Any CPU.ActiveCfg = Debug|Any CPU
		{4BCC090F-A242-4E88-BF8B-3D27F0D4A238}.Debug|Any CPU.Build.0 = Debug|Any CPU
		{4BCC090F-A242-4E88-BF8B-3D27F0D4A238}.Debug|Any CPU.Deploy.0 = Debug|Any CPU
		{4BCC090F-A242-4E88-BF8B-3D27F0D4A238}.Release|Any CPU.ActiveCfg = Release|Any CPU
		{4BCC090F-A242-4E88-BF8B-3D27F0D4A238}.Release|Any CPU.Build.0 = Release|Any CPU
		{4BCC090F-A242-4E88-BF8B-3D27F0D4A238}.Release|Any CPU.Deploy.0 = Release|Any CPU
	EndGlobalSection
	GlobalSection(SolutionProperties) = preSolution
		HideSolutionNode = FALSE
	EndGlobalSection
	GlobalSection(ExtensibilityGlobals) = postSolution
		SolutionGuid = {B75E3ED1-1AB7-412E-AD6E-15F6B8E4EEDB}
	EndGlobalSection
EndGlobal
